{
  "name": "@ledgerhq/hw-app-btc",
  "version": "4.60.3",
  "lockfileVersion": 1,
  "requires": true,
  "dependencies": {
    "@ledgerhq/devices": {
      "version": "4.61.0",
      "resolved": "https://registry.npmjs.org/@ledgerhq/devices/-/devices-4.61.0.tgz",
      "integrity": "sha512-ZBXtV4JFOSvxwfr9PwoAfOdh9Qb/nIPpMR69uG0BwCkz6KzFyJWinsJvf+wFBQmnxDJKcPz2eWrCEL/viQ0HOQ==",
      "requires": {
        "@ledgerhq/errors": "4.61.0",
        "@ledgerhq/logs": "4.61.0",
        "rxjs": "6.5.2"
      }
    },
    "@ledgerhq/errors": {
      "version": "4.61.0",
      "resolved": "https://registry.npmjs.org/@ledgerhq/errors/-/errors-4.61.0.tgz",
      "integrity": "sha512-sEbAF7H/0EL8WiQ+m2qaZFzIJjtrXUFaxHyI4J/FSgK3uszDAVcnXwetq7TFOswZtPS2u2g/5oa1/iuoNVKwXQ=="
    },
    "@ledgerhq/hw-transport": {
      "version": "4.61.0",
      "resolved": "https://registry.npmjs.org/@ledgerhq/hw-transport/-/hw-transport-4.61.0.tgz",
      "integrity": "sha512-jsITF3HAttITBVKZOEASeTSBENbnrhcZmyxhiI1ijRFqDSEAPp7LuttNnI1d99301/4dWZV9NSe40naBsCJHXQ==",
      "requires": {
        "@ledgerhq/devices": "4.61.0",
        "@ledgerhq/errors": "4.61.0",
        "events": "3.0.0"
      }
    },
    "@ledgerhq/logs": {
      "version": "4.61.0",
      "resolved": "https://registry.npmjs.org/@ledgerhq/logs/-/logs-4.61.0.tgz",
      "integrity": "sha512-AObEnA+tgzKEwY306i6FOT/hlc+zjF817Bty/IxG3f2wPJFRK9cJuD3Ijl4pfJP2pt7KubN4YbRGXREXhEsknQ=="
    },
    "cipher-base": {
      "version": "1.0.4",
      "resolved": "https://registry.npmjs.org/cipher-base/-/cipher-base-1.0.4.tgz",
      "integrity": "sha512-Kkht5ye6ZGmwv40uUDZztayT2ThLQGfnj/T71N/XzeZeo3nf8foyW7zGTsPYkEya3m5f3cAypH+qe7YOrM1U2Q==",
      "requires": {
        "inherits": "2.0.3",
        "safe-buffer": "5.1.2"
      }
    },
    "create-hash": {
      "version": "1.2.0",
      "resolved": "https://registry.npmjs.org/create-hash/-/create-hash-1.2.0.tgz",
      "integrity": "sha512-z00bCGNHDG8mHAkP7CtT1qVu+bFQUPjYq/4Iv3C3kWjTFV10zIjfSoeqXo9Asws8gwSHDGj/hl2u4OGIjapeCg==",
      "requires": {
        "cipher-base": "1.0.4",
        "inherits": "2.0.3",
        "md5.js": "1.3.5",
        "ripemd160": "2.0.2",
        "sha.js": "2.4.11"
      }
    },
    "events": {
      "version": "3.0.0",
      "resolved": "https://registry.npmjs.org/events/-/events-3.0.0.tgz",
      "integrity": "sha512-Dc381HFWJzEOhQ+d8pkNon++bk9h6cdAoAj4iE6Q4y6xgTzySWXlKn05/TVNpjnfRqi/X0EpJEJohPjNI3zpVA=="
    },
    "flow-bin": {
      "version": "0.98.1",
      "resolved": "https://registry.npmjs.org/flow-bin/-/flow-bin-0.98.1.tgz",
      "integrity": "sha512-y1YzQgbFUX4EG6h2EO8PhyJeS0VxNgER8XsTwU8IXw4KozfneSmGVgw8y3TwAOza7rVhTlHEoli1xNuNW1rhPw==",
      "dev": true
    },
    "hash-base": {
      "version": "3.0.4",
      "resolved": "https://registry.npmjs.org/hash-base/-/hash-base-3.0.4.tgz",
      "integrity": "sha1-X8hoaEfs1zSZQDMZprCj8/auSRg=",
      "requires": {
        "inherits": "2.0.3",
        "safe-buffer": "5.1.2"
      }
    },
    "inherits": {
      "version": "2.0.3",
      "resolved": "https://registry.npmjs.org/inherits/-/inherits-2.0.3.tgz",
      "integrity": "sha1-Yzwsg+PaQqUC9SRmAiSA9CCCYd4="
    },
    "md5.js": {
      "version": "1.3.5",
      "resolved": "https://registry.npmjs.org/md5.js/-/md5.js-1.3.5.tgz",
      "integrity": "sha512-xitP+WxNPcTTOgnTJcrhM0xvdPepipPSf3I8EIpGKeFLjt3PlJLIDG3u8EX53ZIubkb+5U2+3rELYpEhHhzdkg==",
      "requires": {
        "hash-base": "3.0.4",
        "inherits": "2.0.3",
        "safe-buffer": "5.1.2"
      }
    },
    "ripemd160": {
      "version": "2.0.2",
      "resolved": "https://registry.npmjs.org/ripemd160/-/ripemd160-2.0.2.tgz",
      "integrity": "sha512-ii4iagi25WusVoiC4B4lq7pbXfAp3D9v5CwfkY33vffw2+pkDjY1D8GaN7spsxvCSx8dkPqOZCEZyfxcmJG2IA==",
      "requires": {
        "hash-base": "3.0.4",
        "inherits": "2.0.3"
      }
    },
    "rxjs": {
      "version": "6.5.2",
      "resolved": "https://registry.npmjs.org/rxjs/-/rxjs-6.5.2.tgz",
      "integrity": "sha512-HUb7j3kvb7p7eCUHE3FqjoDsC1xfZQ4AHFWfTKSpZ+sAhhz5X1WX0ZuUqWbzB2QhSLp3DoLUG+hMdEDKqWo2Zg==",
      "requires": {
        "tslib": "1.9.3"
      }
    },
    "safe-buffer": {
      "version": "5.1.2",
      "resolved": "https://registry.npmjs.org/safe-buffer/-/safe-buffer-5.1.2.tgz",
      "integrity": "sha512-Gd2UZBJDkXlY7GbJxfsE8/nvKkUEU1G38c1siN6QP6a9PT9MmHB8GnpscSmMJSoF8LOIrt8ud/wPtojys4G6+g=="
    },
    "sha.js": {
      "version": "2.4.11",
      "resolved": "https://registry.npmjs.org/sha.js/-/sha.js-2.4.11.tgz",
      "integrity": "sha512-QMEp5B7cftE7APOjk5Y6xgrbWu+WkLVQwk8JNjZ8nKRciZaByEW6MubieAiToS7+dwvrjGhH8jRXz3MVd0AYqQ==",
      "requires": {
        "inherits": "2.0.3",
        "safe-buffer": "5.1.2"
      }
    },
    "tslib": {
      "version": "1.9.3",
      "resolved": "https://registry.npmjs.org/tslib/-/tslib-1.9.3.tgz",
      "integrity": "sha512-4krF8scpejhaOgqzBEcGM7yDIEfi0/8+8zDRZhNZZ2kjmHJ4hv3zCbQWxoJGz1iw5U0Jl0nma13xzHXcncMavQ=="
    }
  }
}
